{
    "name": "tesseract",
    "version": "0.1.0",
    "lockfileVersion": 2,
    "requires": true,
    "packages": {
        "": {
            "name": "tesseract",
            "version": "0.1.0",
            "dependencies": {
                "@playwright/test": "^1.39.0",
                "effect": "^3.19.19",
                "yaml": "^2.8.2"
            },
            "bin": {
                "tesseract": "dist/bin/tesseract.js"
            },
            "devDependencies": {
                "@types/node": "^16.18.126",
                "typescript": "^5.9.3"
            },
            "engines": {
                "node": ">=16.14.0"
            }
        },
        "node_modules/@playwright/test": {
            "version": "1.39.0",
            "resolved": "https://registry.npmjs.org/@playwright/test/-/test-1.39.0.tgz",
            "integrity": "sha512-3u1iFqgzl7zr004bGPYiN/5EZpRUSFddQBra8Rqll5N0/vfpqlP9I9EXqAoGacuAbX6c9Ulg/Cjqglp5VkK6UQ==",
            "deprecated": "Please update to the latest version of Playwright to test up-to-date browsers.",
            "dependencies": {
                "playwright": "1.39.0"
            },
            "bin": {
                "playwright": "cli.js"
            },
            "engines": {
                "node": ">=16"
            }
        },
        "node_modules/@standard-schema/spec": {
            "version": "1.1.0",
            "resolved": "https://registry.npmjs.org/@standard-schema/spec/-/spec-1.1.0.tgz",
            "integrity": "sha512-l2aFy5jALhniG5HgqrD6jXLi/rUWrKvqN/qJx6yoJsgKhblVd+iqqU4RCXavm/jPityDo5TCvKMnpjKnOriy0w=="
        },
        "node_modules/@types/node": {
            "version": "16.18.126",
            "resolved": "https://registry.npmjs.org/@types/node/-/node-16.18.126.tgz",
            "integrity": "sha512-OTcgaiwfGFBKacvfwuHzzn1KLxH/er8mluiy8/uM3sGXHaRe73RrSIj01jow9t4kJEW633Ov+cOexXeiApTyAw==",
            "dev": true
        },
        "node_modules/effect": {
            "version": "3.19.19",
            "resolved": "https://registry.npmjs.org/effect/-/effect-3.19.19.tgz",
            "integrity": "sha512-Yc8U/SVXo2dHnaP7zNBlAo83h/nzSJpi7vph6Hzyl4ulgMBIgPmz3UzOjb9sBgpFE00gC0iETR244sfXDNLHRg==",
            "dependencies": {
                "@standard-schema/spec": "^1.0.0",
                "fast-check": "^3.23.1"
            }
        },
        "node_modules/fast-check": {
            "version": "3.23.2",
            "resolved": "https://registry.npmjs.org/fast-check/-/fast-check-3.23.2.tgz",
            "integrity": "sha512-h5+1OzzfCC3Ef7VbtKdcv7zsstUQwUDlYpUTvjeUsJAssPgLn7QzbboPtL5ro04Mq0rPOsMzl7q5hIbRs2wD1A==",
            "funding": [
                {
                    "type": "individual",
                    "url": "https://github.com/sponsors/dubzzz"
                },
                {
                    "type": "opencollective",
                    "url": "https://opencollective.com/fast-check"
                }
            ],
            "dependencies": {
                "pure-rand": "^6.1.0"
            },
            "engines": {
                "node": ">=8.0.0"
            }
        },
        "node_modules/fsevents": {
            "version": "2.3.2",
            "resolved": "https://registry.npmjs.org/fsevents/-/fsevents-2.3.2.tgz",
            "integrity": "sha512-xiqMQR4xAeHTuB9uWm+fFRcIOgKBMiOBP+eXiyT7jsgVCq1bkVygt00oASowB7EdtpOHaaPgKt812P9ab+DDKA==",
            "hasInstallScript": true,
            "optional": true,
            "os": [
                "darwin"
            ],
            "engines": {
                "node": "^8.16.0 || ^10.6.0 || >=11.0.0"
            }
        },
        "node_modules/playwright": {
            "version": "1.39.0",
            "resolved": "https://registry.npmjs.org/playwright/-/playwright-1.39.0.tgz",
            "integrity": "sha512-naE5QT11uC/Oiq0BwZ50gDmy8c8WLPRTEWuSSFVG2egBka/1qMoSqYQcROMT9zLwJ86oPofcTH2jBY/5wWOgIw==",
            "dependencies": {
                "playwright-core": "1.39.0"
            },
            "bin": {
                "playwright": "cli.js"
            },
            "engines": {
                "node": ">=16"
            },
            "optionalDependencies": {
                "fsevents": "2.3.2"
            }
        },
        "node_modules/playwright-core": {
            "version": "1.39.0",
            "resolved": "https://registry.npmjs.org/playwright-core/-/playwright-core-1.39.0.tgz",
            "integrity": "sha512-+k4pdZgs1qiM+OUkSjx96YiKsXsmb59evFoqv8SKO067qBA+Z2s/dCzJij/ZhdQcs2zlTAgRKfeiiLm8PQ2qvw==",
            "bin": {
                "playwright-core": "cli.js"
            },
            "engines": {
                "node": ">=16"
            }
        },
        "node_modules/pure-rand": {
            "version": "6.1.0",
            "resolved": "https://registry.npmjs.org/pure-rand/-/pure-rand-6.1.0.tgz",
            "integrity": "sha512-bVWawvoZoBYpp6yIoQtQXHZjmz35RSVHnUOTefl8Vcjr8snTPY1wnpSPMWekcFwbxI6gtmT7rSYPFvz71ldiOA==",
            "funding": [
                {
                    "type": "individual",
                    "url": "https://github.com/sponsors/dubzzz"
                },
                {
                    "type": "opencollective",
                    "url": "https://opencollective.com/fast-check"
                }
            ]
        },
        "node_modules/typescript": {
            "version": "5.9.3",
            "resolved": "https://registry.npmjs.org/typescript/-/typescript-5.9.3.tgz",
            "integrity": "sha512-jl1vZzPDinLr9eUt3J/t7V6FgNEw9QjvBPdysz9KfQDD41fQrC2Y4vKQdiaUpFT4bXlb1RHhLpp8wtm6M5TgSw==",
            "dev": true,
            "bin": {
                "tsc": "bin/tsc",
                "tsserver": "bin/tsserver"
            },
            "engines": {
                "node": ">=14.17"
            }
        },
        "node_modules/yaml": {
            "version": "2.8.2",
            "resolved": "https://registry.npmjs.org/yaml/-/yaml-2.8.2.tgz",
            "integrity": "sha512-mplynKqc1C2hTVYxd0PU2xQAc22TI1vShAYGksCCfxbn/dFwnHTNi1bvYsBTkhdUNtGIf5xNOg938rrSSYvS9A==",
            "bin": {
                "yaml": "bin.mjs"
            },
            "engines": {
                "node": ">= 14.6"
            },
            "funding": {
                "url": "https://github.com/sponsors/eemeli"
            }
        }
    },
    "dependencies": {
        "@playwright/test": {
            "version": "1.39.0",
            "resolved": "https://registry.npmjs.org/@playwright/test/-/test-1.39.0.tgz",
            "integrity": "sha512-3u1iFqgzl7zr004bGPYiN/5EZpRUSFddQBra8Rqll5N0/vfpqlP9I9EXqAoGacuAbX6c9Ulg/Cjqglp5VkK6UQ==",
            "requires": {
                "playwright": "1.39.0"
            }
        },
        "@standard-schema/spec": {
            "version": "1.1.0",
            "resolved": "https://registry.npmjs.org/@standard-schema/spec/-/spec-1.1.0.tgz",
            "integrity": "sha512-l2aFy5jALhniG5HgqrD6jXLi/rUWrKvqN/qJx6yoJsgKhblVd+iqqU4RCXavm/jPityDo5TCvKMnpjKnOriy0w=="
        },
        "@types/node": {
            "version": "16.18.126",
            "resolved": "https://registry.npmjs.org/@types/node/-/node-16.18.126.tgz",
            "integrity": "sha512-OTcgaiwfGFBKacvfwuHzzn1KLxH/er8mluiy8/uM3sGXHaRe73RrSIj01jow9t4kJEW633Ov+cOexXeiApTyAw==",
            "dev": true
        },
        "effect": {
            "version": "3.19.19",
            "resolved": "https://registry.npmjs.org/effect/-/effect-3.19.19.tgz",
            "integrity": "sha512-Yc8U/SVXo2dHnaP7zNBlAo83h/nzSJpi7vph6Hzyl4ulgMBIgPmz3UzOjb9sBgpFE00gC0iETR244sfXDNLHRg==",
            "requires": {
                "@standard-schema/spec": "^1.0.0",
                "fast-check": "^3.23.1"
            }
        },
        "fast-check": {
            "version": "3.23.2",
            "resolved": "https://registry.npmjs.org/fast-check/-/fast-check-3.23.2.tgz",
            "integrity": "sha512-h5+1OzzfCC3Ef7VbtKdcv7zsstUQwUDlYpUTvjeUsJAssPgLn7QzbboPtL5ro04Mq0rPOsMzl7q5hIbRs2wD1A==",
            "requires": {
                "pure-rand": "^6.1.0"
            }
        },
        "fsevents": {
            "version": "2.3.2",
            "resolved": "https://registry.npmjs.org/fsevents/-/fsevents-2.3.2.tgz",
            "integrity": "sha512-xiqMQR4xAeHTuB9uWm+fFRcIOgKBMiOBP+eXiyT7jsgVCq1bkVygt00oASowB7EdtpOHaaPgKt812P9ab+DDKA==",
            "optional": true
        },
        "playwright": {
            "version": "1.39.0",
            "resolved": "https://registry.npmjs.org/playwright/-/playwright-1.39.0.tgz",
            "integrity": "sha512-naE5QT11uC/Oiq0BwZ50gDmy8c8WLPRTEWuSSFVG2egBka/1qMoSqYQcROMT9zLwJ86oPofcTH2jBY/5wWOgIw==",
            "requires": {
                "fsevents": "2.3.2",
                "playwright-core": "1.39.0"
            }
        },
        "playwright-core": {
            "version": "1.39.0",
            "resolved": "https://registry.npmjs.org/playwright-core/-/playwright-core-1.39.0.tgz",
            "integrity": "sha512-+k4pdZgs1qiM+OUkSjx96YiKsXsmb59evFoqv8SKO067qBA+Z2s/dCzJij/ZhdQcs2zlTAgRKfeiiLm8PQ2qvw=="
        },
        "pure-rand": {
            "version": "6.1.0",
            "resolved": "https://registry.npmjs.org/pure-rand/-/pure-rand-6.1.0.tgz",
            "integrity": "sha512-bVWawvoZoBYpp6yIoQtQXHZjmz35RSVHnUOTefl8Vcjr8snTPY1wnpSPMWekcFwbxI6gtmT7rSYPFvz71ldiOA=="
        },
        "typescript": {
            "version": "5.9.3",
            "resolved": "https://registry.npmjs.org/typescript/-/typescript-5.9.3.tgz",
            "integrity": "sha512-jl1vZzPDinLr9eUt3J/t7V6FgNEw9QjvBPdysz9KfQDD41fQrC2Y4vKQdiaUpFT4bXlb1RHhLpp8wtm6M5TgSw==",
            "dev": true
        },
        "yaml": {
            "version": "2.8.2",
            "resolved": "https://registry.npmjs.org/yaml/-/yaml-2.8.2.tgz",
            "integrity": "sha512-mplynKqc1C2hTVYxd0PU2xQAc22TI1vShAYGksCCfxbn/dFwnHTNi1bvYsBTkhdUNtGIf5xNOg938rrSSYvS9A=="
        }
    }
}
